Microsoft Visual Studio Solution File, Format Version 12.00
# Visual Studio Version 17
VisualStudioVersion = 17.2.32526.322
MinimumVisualStudioVersion = 10.0.40219.1
Project("{9A19103F-16F7-4668-BE54-9A1E7A4F7556}") = "Common.DataAccess.EFCore", "Common\Common.DataAccess.EFCore\Common.DataAccess.EFCore.csproj", "{78009FE8-42FA-4E92-AB1B-2292C8C4AA91}"
EndProject
Project("{9A19103F-16F7-4668-BE54-9A1E7A4F7556}") = "Common.Entities", "Common\Common.Entities\Common.Entities.csproj", "{2566610C-2555-4B50-9A61-FCB5AE61519D}"
EndProject
Project("{9A19103F-16F7-4668-BE54-9A1E7A4F7556}") = "Common.Services.Infrastructure", "Common\Common.Services.Infrastructure\Common.Services.Infrastructure.csproj", "{20CF03E8-E064-46FE-8ECE-AA30369E7787}"
EndProject
Project("{9A19103F-16F7-4668-BE54-9A1E7A4F7556}") = "Common.DTO", "Common\Common.DTO\Common.DTO.csproj", "{C2CE9594-0939-43BE-BBAF-AF7D9BA6A83B}"
EndProject
Project("{2150E333-8FDC-42A3-9474-1A3956D46DE8}") = "Common", "Common", "{3EDF9BD9-0CAC-48A1-B586-EBE8CF127A0A}"
	ProjectSection(SolutionItems) = preProject
		Common\Common.WebApiCore\sonar-project.properties = Common\Common.WebApiCore\sonar-project.properties
		TextFile1.txt = TextFile1.txt
		TextFile2.json = TextFile2.json
	EndProjectSection
EndProject
Project("{9A19103F-16F7-4668-BE54-9A1E7A4F7556}") = "Common.Services", "Common\Common.Services\Common.Services.csproj", "{F2DA70C1-48F6-43DD-9500-19EC0EB94B5F}"
EndProject
Project("{9A19103F-16F7-4668-BE54-9A1E7A4F7556}") = "Common.Utils", "Common\Common.Utils\Common.Utils.csproj", "{167418DC-0413-4DBA-B547-CF7E30433AD8}"
EndProject
Project("{9A19103F-16F7-4668-BE54-9A1E7A4F7556}") = "Common.IdentityManagementCore", "Common\Common.IdentityManagementCore\Common.IdentityManagementCore.csproj", "{89B72710-CDCD-4735-B0C1-7D8C451ADEC7}"
EndProject
Project("{9A19103F-16F7-4668-BE54-9A1E7A4F7556}") = "Common.DIContainerCore", "Common\Common.DIContainerCore\Common.DIContainerCore.csproj", "{48E43B83-53AB-4CD2-A432-E81CBFF1D071}"
EndProject
Project("{9A19103F-16F7-4668-BE54-9A1E7A4F7556}") = "Common.WebApiCore", "Common\Common.WebApiCore\Common.WebApiCore.csproj", "{476D576E-1A71-4B88-B84F-90F6D465D82E}"
EndProject
Project("{9A19103F-16F7-4668-BE54-9A1E7A4F7556}") = "InspektorTest", "InspektorTest\InspektorTest.csproj", "{4234A3A7-5397-4CD6-8813-A44D0B767B5D}"
EndProject
Global
	GlobalSection(SolutionConfigurationPlatforms) = preSolution
		Debug|Any CPU = Debug|Any CPU
		Debug|ARM = Debug|ARM
		Debug|ARM64 = Debug|ARM64
		Debug|x64 = Debug|x64
		Debug|x86 = Debug|x86
		Release|Any CPU = Release|Any CPU
		Release|ARM = Release|ARM
		Release|ARM64 = Release|ARM64
		Release|x64 = Release|x64
		Release|x86 = Release|x86
	EndGlobalSection
	GlobalSection(ProjectConfigurationPlatforms) = postSolution
		{78009FE8-42FA-4E92-AB1B-2292C8C4AA91}.Debug|Any CPU.ActiveCfg = Debug|Any CPU
		{78009FE8-42FA-4E92-AB1B-2292C8C4AA91}.Debug|Any CPU.Build.0 = Debug|Any CPU
		{78009FE8-42FA-4E92-AB1B-2292C8C4AA91}.Debug|ARM.ActiveCfg = Debug|Any CPU
		{78009FE8-42FA-4E92-AB1B-2292C8C4AA91}.Debug|ARM.Build.0 = Debug|Any CPU
		{78009FE8-42FA-4E92-AB1B-2292C8C4AA91}.Debug|ARM64.ActiveCfg = Debug|Any CPU
		{78009FE8-42FA-4E92-AB1B-2292C8C4AA91}.Debug|ARM64.Build.0 = Debug|Any CPU
		{78009FE8-42FA-4E92-AB1B-2292C8C4AA91}.Debug|x64.ActiveCfg = Debug|Any CPU
		{78009FE8-42FA-4E92-AB1B-2292C8C4AA91}.Debug|x64.Build.0 = Debug|Any CPU
		{78009FE8-42FA-4E92-AB1B-2292C8C4AA91}.Debug|x86.ActiveCfg = Debug|Any CPU
		{78009FE8-42FA-4E92-AB1B-2292C8C4AA91}.Debug|x86.Build.0 = Debug|Any CPU
		{78009FE8-42FA-4E92-AB1B-2292C8C4AA91}.Release|Any CPU.ActiveCfg = Release|Any CPU
		{78009FE8-42FA-4E92-AB1B-2292C8C4AA91}.Release|Any CPU.Build.0 = Release|Any CPU
		{78009FE8-42FA-4E92-AB1B-2292C8C4AA91}.Release|ARM.ActiveCfg = Release|Any CPU
		{78009FE8-42FA-4E92-AB1B-2292C8C4AA91}.Release|ARM.Build.0 = Release|Any CPU
		{78009FE8-42FA-4E92-AB1B-2292C8C4AA91}.Release|ARM64.ActiveCfg = Release|Any CPU
		{78009FE8-42FA-4E92-AB1B-2292C8C4AA91}.Release|ARM64.Build.0 = Release|Any CPU
		{78009FE8-42FA-4E92-AB1B-2292C8C4AA91}.Release|x64.ActiveCfg = Release|Any CPU
		{78009FE8-42FA-4E92-AB1B-2292C8C4AA91}.Release|x64.Build.0 = Release|Any CPU
		{78009FE8-42FA-4E92-AB1B-2292C8C4AA91}.Release|x86.ActiveCfg = Release|Any CPU
		{78009FE8-42FA-4E92-AB1B-2292C8C4AA91}.Release|x86.Build.0 = Release|Any CPU
		{2566610C-2555-4B50-9A61-FCB5AE61519D}.Debug|Any CPU.ActiveCfg = Debug|Any CPU
		{2566610C-2555-4B50-9A61-FCB5AE61519D}.Debug|Any CPU.Build.0 = Debug|Any CPU
		{2566610C-2555-4B50-9A61-FCB5AE61519D}.Debug|ARM.ActiveCfg = Debug|Any CPU
		{2566610C-2555-4B50-9A61-FCB5AE61519D}.Debug|ARM.Build.0 = Debug|Any CPU
		{2566610C-2555-4B50-9A61-FCB5AE61519D}.Debug|ARM64.ActiveCfg = Debug|Any CPU
		{2566610C-2555-4B50-9A61-FCB5AE61519D}.Debug|ARM64.Build.0 = Debug|Any CPU
		{2566610C-2555-4B50-9A61-FCB5AE61519D}.Debug|x64.ActiveCfg = Debug|Any CPU
		{2566610C-2555-4B50-9A61-FCB5AE61519D}.Debug|x64.Build.0 = Debug|Any CPU
		{2566610C-2555-4B50-9A61-FCB5AE61519D}.Debug|x86.ActiveCfg = Debug|Any CPU
		{2566610C-2555-4B50-9A61-FCB5AE61519D}.Debug|x86.Build.0 = Debug|Any CPU
		{2566610C-2555-4B50-9A61-FCB5AE61519D}.Release|Any CPU.ActiveCfg = Release|Any CPU
		{2566610C-2555-4B50-9A61-FCB5AE61519D}.Release|Any CPU.Build.0 = Release|Any CPU
		{2566610C-2555-4B50-9A61-FCB5AE61519D}.Release|ARM.ActiveCfg = Release|Any CPU
		{2566610C-2555-4B50-9A61-FCB5AE61519D}.Release|ARM.Build.0 = Release|Any CPU
		{2566610C-2555-4B50-9A61-FCB5AE61519D}.Release|ARM64.ActiveCfg = Release|Any CPU
		{2566610C-2555-4B50-9A61-FCB5AE61519D}.Release|ARM64.Build.0 = Release|Any CPU
		{2566610C-2555-4B50-9A61-FCB5AE61519D}.Release|x64.ActiveCfg = Release|Any CPU
		{2566610C-2555-4B50-9A61-FCB5AE61519D}.Release|x64.Build.0 = Release|Any CPU
		{2566610C-2555-4B50-9A61-FCB5AE61519D}.Release|x86.ActiveCfg = Release|Any CPU
		{2566610C-2555-4B50-9A61-FCB5AE61519D}.Release|x86.Build.0 = Release|Any CPU
		{20CF03E8-E064-46FE-8ECE-AA30369E7787}.Debug|Any CPU.ActiveCfg = Debug|Any CPU
		{20CF03E8-E064-46FE-8ECE-AA30369E7787}.Debug|Any CPU.Build.0 = Debug|Any CPU
		{20CF03E8-E064-46FE-8ECE-AA30369E7787}.Debug|ARM.ActiveCfg = Debug|Any CPU
		{20CF03E8-E064-46FE-8ECE-AA30369E7787}.Debug|ARM.Build.0 = Debug|Any CPU
		{20CF03E8-E064-46FE-8ECE-AA30369E7787}.Debug|ARM64.ActiveCfg = Debug|Any CPU
		{20CF03E8-E064-46FE-8ECE-AA30369E7787}.Debug|ARM64.Build.0 = Debug|Any CPU
		{20CF03E8-E064-46FE-8ECE-AA30369E7787}.Debug|x64.ActiveCfg = Debug|Any CPU
		{20CF03E8-E064-46FE-8ECE-AA30369E7787}.Debug|x64.Build.0 = Debug|Any CPU
		{20CF03E8-E064-46FE-8ECE-AA30369E7787}.Debug|x86.ActiveCfg = Debug|Any CPU
		{20CF03E8-E064-46FE-8ECE-AA30369E7787}.Debug|x86.Build.0 = Debug|Any CPU
		{20CF03E8-E064-46FE-8ECE-AA30369E7787}.Release|Any CPU.ActiveCfg = Release|Any CPU
		{20CF03E8-E064-46FE-8ECE-AA30369E7787}.Release|Any CPU.Build.0 = Release|Any CPU
		{20CF03E8-E064-46FE-8ECE-AA30369E7787}.Release|ARM.ActiveCfg = Release|Any CPU
		{20CF03E8-E064-46FE-8ECE-AA30369E7787}.Release|ARM.Build.0 = Release|Any CPU
		{20CF03E8-E064-46FE-8ECE-AA30369E7787}.Release|ARM64.ActiveCfg = Release|Any CPU
		{20CF03E8-E064-46FE-8ECE-AA30369E7787}.Release|ARM64.Build.0 = Release|Any CPU
		{20CF03E8-E064-46FE-8ECE-AA30369E7787}.Release|x64.ActiveCfg = Release|Any CPU
		{20CF03E8-E064-46FE-8ECE-AA30369E7787}.Release|x64.Build.0 = Release|Any CPU
		{20CF03E8-E064-46FE-8ECE-AA30369E7787}.Release|x86.ActiveCfg = Release|Any CPU
		{20CF03E8-E064-46FE-8ECE-AA30369E7787}.Release|x86.Build.0 = Release|Any CPU
		{C2CE9594-0939-43BE-BBAF-AF7D9BA6A83B}.Debug|Any CPU.ActiveCfg = Debug|Any CPU
		{C2CE9594-0939-43BE-BBAF-AF7D9BA6A83B}.Debug|Any CPU.Build.0 = Debug|Any CPU
		{C2CE9594-0939-43BE-BBAF-AF7D9BA6A83B}.Debug|ARM.ActiveCfg = Debug|Any CPU
		{C2CE9594-0939-43BE-BBAF-AF7D9BA6A83B}.Debug|ARM.Build.0 = Debug|Any CPU
		{C2CE9594-0939-43BE-BBAF-AF7D9BA6A83B}.Debug|ARM64.ActiveCfg = Debug|Any CPU
		{C2CE9594-0939-43BE-BBAF-AF7D9BA6A83B}.Debug|ARM64.Build.0 = Debug|Any CPU
		{C2CE9594-0939-43BE-BBAF-AF7D9BA6A83B}.Debug|x64.ActiveCfg = Debug|Any CPU
		{C2CE9594-0939-43BE-BBAF-AF7D9BA6A83B}.Debug|x64.Build.0 = Debug|Any CPU
		{C2CE9594-0939-43BE-BBAF-AF7D9BA6A83B}.Debug|x86.ActiveCfg = Debug|Any CPU
		{C2CE9594-0939-43BE-BBAF-AF7D9BA6A83B}.Debug|x86.Build.0 = Debug|Any CPU
		{C2CE9594-0939-43BE-BBAF-AF7D9BA6A83B}.Release|Any CPU.ActiveCfg = Release|Any CPU
		{C2CE9594-0939-43BE-BBAF-AF7D9BA6A83B}.Release|Any CPU.Build.0 = Release|Any CPU
		{C2CE9594-0939-43BE-BBAF-AF7D9BA6A83B}.Release|ARM.ActiveCfg = Release|Any CPU
		{C2CE9594-0939-43BE-BBAF-AF7D9BA6A83B}.Release|ARM.Build.0 = Release|Any CPU
		{C2CE9594-0939-43BE-BBAF-AF7D9BA6A83B}.Release|ARM64.ActiveCfg = Release|Any CPU
		{C2CE9594-0939-43BE-BBAF-AF7D9BA6A83B}.Release|ARM64.Build.0 = Release|Any CPU
		{C2CE9594-0939-43BE-BBAF-AF7D9BA6A83B}.Release|x64.ActiveCfg = Release|Any CPU
		{C2CE9594-0939-43BE-BBAF-AF7D9BA6A83B}.Release|x64.Build.0 = Release|Any CPU
		{C2CE9594-0939-43BE-BBAF-AF7D9BA6A83B}.Release|x86.ActiveCfg = Release|Any CPU
		{C2CE9594-0939-43BE-BBAF-AF7D9BA6A83B}.Release|x86.Build.0 = Release|Any CPU
		{F2DA70C1-48F6-43DD-9500-19EC0EB94B5F}.Debug|Any CPU.ActiveCfg = Debug|Any CPU
		{F2DA70C1-48F6-43DD-9500-19EC0EB94B5F}.Debug|Any CPU.Build.0 = Debug|Any CPU
		{F2DA70C1-48F6-43DD-9500-19EC0EB94B5F}.Debug|ARM.ActiveCfg = Debug|Any CPU
		{F2DA70C1-48F6-43DD-9500-19EC0EB94B5F}.Debug|ARM.Build.0 = Debug|Any CPU
		{F2DA70C1-48F6-43DD-9500-19EC0EB94B5F}.Debug|ARM64.ActiveCfg = Debug|Any CPU
		{F2DA70C1-48F6-43DD-9500-19EC0EB94B5F}.Debug|ARM64.Build.0 = Debug|Any CPU
		{F2DA70C1-48F6-43DD-9500-19EC0EB94B5F}.Debug|x64.ActiveCfg = Debug|Any CPU
		{F2DA70C1-48F6-43DD-9500-19EC0EB94B5F}.Debug|x64.Build.0 = Debug|Any CPU
		{F2DA70C1-48F6-43DD-9500-19EC0EB94B5F}.Debug|x86.ActiveCfg = Debug|Any CPU
		{F2DA70C1-48F6-43DD-9500-19EC0EB94B5F}.Debug|x86.Build.0 = Debug|Any CPU
		{F2DA70C1-48F6-43DD-9500-19EC0EB94B5F}.Release|Any CPU.ActiveCfg = Release|Any CPU
		{F2DA70C1-48F6-43DD-9500-19EC0EB94B5F}.Release|Any CPU.Build.0 = Release|Any CPU
		{F2DA70C1-48F6-43DD-9500-19EC0EB94B5F}.Release|ARM.ActiveCfg = Release|Any CPU
		{F2DA70C1-48F6-43DD-9500-19EC0EB94B5F}.Release|ARM.Build.0 = Release|Any CPU
		{F2DA70C1-48F6-43DD-9500-19EC0EB94B5F}.Release|ARM64.ActiveCfg = Release|Any CPU
		{F2DA70C1-48F6-43DD-9500-19EC0EB94B5F}.Release|ARM64.Build.0 = Release|Any CPU
		{F2DA70C1-48F6-43DD-9500-19EC0EB94B5F}.Release|x64.ActiveCfg = Release|Any CPU
		{F2DA70C1-48F6-43DD-9500-19EC0EB94B5F}.Release|x64.Build.0 = Release|Any CPU
		{F2DA70C1-48F6-43DD-9500-19EC0EB94B5F}.Release|x86.ActiveCfg = Release|Any CPU
		{F2DA70C1-48F6-43DD-9500-19EC0EB94B5F}.Release|x86.Build.0 = Release|Any CPU
		{167418DC-0413-4DBA-B547-CF7E30433AD8}.Debug|Any CPU.ActiveCfg = Debug|Any CPU
		{167418DC-0413-4DBA-B547-CF7E30433AD8}.Debug|Any CPU.Build.0 = Debug|Any CPU
		{167418DC-0413-4DBA-B547-CF7E30433AD8}.Debug|ARM.ActiveCfg = Debug|Any CPU
		{167418DC-0413-4DBA-B547-CF7E30433AD8}.Debug|ARM.Build.0 = Debug|Any CPU
		{167418DC-0413-4DBA-B547-CF7E30433AD8}.Debug|ARM64.ActiveCfg = Debug|Any CPU
		{167418DC-0413-4DBA-B547-CF7E30433AD8}.Debug|ARM64.Build.0 = Debug|Any CPU
		{167418DC-0413-4DBA-B547-CF7E30433AD8}.Debug|x64.ActiveCfg = Debug|Any CPU
		{167418DC-0413-4DBA-B547-CF7E30433AD8}.Debug|x64.Build.0 = Debug|Any CPU
		{167418DC-0413-4DBA-B547-CF7E30433AD8}.Debug|x86.ActiveCfg = Debug|Any CPU
		{167418DC-0413-4DBA-B547-CF7E30433AD8}.Debug|x86.Build.0 = Debug|Any CPU
		{167418DC-0413-4DBA-B547-CF7E30433AD8}.Release|Any CPU.ActiveCfg = Release|Any CPU
		{167418DC-0413-4DBA-B547-CF7E30433AD8}.Release|Any CPU.Build.0 = Release|Any CPU
		{167418DC-0413-4DBA-B547-CF7E30433AD8}.Release|ARM.ActiveCfg = Release|Any CPU
		{167418DC-0413-4DBA-B547-CF7E30433AD8}.Release|ARM.Build.0 = Release|Any CPU
		{167418DC-0413-4DBA-B547-CF7E30433AD8}.Release|ARM64.ActiveCfg = Release|Any CPU
		{167418DC-0413-4DBA-B547-CF7E30433AD8}.Release|ARM64.Build.0 = Release|Any CPU
		{167418DC-0413-4DBA-B547-CF7E30433AD8}.Release|x64.ActiveCfg = Release|Any CPU
		{167418DC-0413-4DBA-B547-CF7E30433AD8}.Release|x64.Build.0 = Release|Any CPU
		{167418DC-0413-4DBA-B547-CF7E30433AD8}.Release|x86.ActiveCfg = Release|Any CPU
		{167418DC-0413-4DBA-B547-CF7E30433AD8}.Release|x86.Build.0 = Release|Any CPU
		{89B72710-CDCD-4735-B0C1-7D8C451ADEC7}.Debug|Any CPU.ActiveCfg = Debug|Any CPU
		{89B72710-CDCD-4735-B0C1-7D8C451ADEC7}.Debug|Any CPU.Build.0 = Debug|Any CPU
		{89B72710-CDCD-4735-B0C1-7D8C451ADEC7}.Debug|ARM.ActiveCfg = Debug|Any CPU
		{89B72710-CDCD-4735-B0C1-7D8C451ADEC7}.Debug|ARM.Build.0 = Debug|Any CPU
		{89B72710-CDCD-4735-B0C1-7D8C451ADEC7}.Debug|ARM64.ActiveCfg = Debug|Any CPU
		{89B72710-CDCD-4735-B0C1-7D8C451ADEC7}.Debug|ARM64.Build.0 = Debug|Any CPU
		{89B72710-CDCD-4735-B0C1-7D8C451ADEC7}.Debug|x64.ActiveCfg = Debug|Any CPU
		{89B72710-CDCD-4735-B0C1-7D8C451ADEC7}.Debug|x64.Build.0 = Debug|Any CPU
		{89B72710-CDCD-4735-B0C1-7D8C451ADEC7}.Debug|x86.ActiveCfg = Debug|Any CPU
		{89B72710-CDCD-4735-B0C1-7D8C451ADEC7}.Debug|x86.Build.0 = Debug|Any CPU
		{89B72710-CDCD-4735-B0C1-7D8C451ADEC7}.Release|Any CPU.ActiveCfg = Release|Any CPU
		{89B72710-CDCD-4735-B0C1-7D8C451ADEC7}.Release|Any CPU.Build.0 = Release|Any CPU
		{89B72710-CDCD-4735-B0C1-7D8C451ADEC7}.Release|ARM.ActiveCfg = Release|Any CPU
		{89B72710-CDCD-4735-B0C1-7D8C451ADEC7}.Release|ARM.Build.0 = Release|Any CPU
		{89B72710-CDCD-4735-B0C1-7D8C451ADEC7}.Release|ARM64.ActiveCfg = Release|Any CPU
		{89B72710-CDCD-4735-B0C1-7D8C451ADEC7}.Release|ARM64.Build.0 = Release|Any CPU
		{89B72710-CDCD-4735-B0C1-7D8C451ADEC7}.Release|x64.ActiveCfg = Release|Any CPU
		{89B72710-CDCD-4735-B0C1-7D8C451ADEC7}.Release|x64.Build.0 = Release|Any CPU
		{89B72710-CDCD-4735-B0C1-7D8C451ADEC7}.Release|x86.ActiveCfg = Release|Any CPU
		{89B72710-CDCD-4735-B0C1-7D8C451ADEC7}.Release|x86.Build.0 = Release|Any CPU
		{48E43B83-53AB-4CD2-A432-E81CBFF1D071}.Debug|Any CPU.ActiveCfg = Debug|Any CPU
		{48E43B83-53AB-4CD2-A432-E81CBFF1D071}.Debug|Any CPU.Build.0 = Debug|Any CPU
		{48E43B83-53AB-4CD2-A432-E81CBFF1D071}.Debug|ARM.ActiveCfg = Debug|Any CPU
		{48E43B83-53AB-4CD2-A432-E81CBFF1D071}.Debug|ARM.Build.0 = Debug|Any CPU
		{48E43B83-53AB-4CD2-A432-E81CBFF1D071}.Debug|ARM64.ActiveCfg = Debug|Any CPU
		{48E43B83-53AB-4CD2-A432-E81CBFF1D071}.Debug|ARM64.Build.0 = Debug|Any CPU
		{48E43B83-53AB-4CD2-A432-E81CBFF1D071}.Debug|x64.ActiveCfg = Debug|Any CPU
		{48E43B83-53AB-4CD2-A432-E81CBFF1D071}.Debug|x64.Build.0 = Debug|Any CPU
		{48E43B83-53AB-4CD2-A432-E81CBFF1D071}.Debug|x86.ActiveCfg = Debug|Any CPU
		{48E43B83-53AB-4CD2-A432-E81CBFF1D071}.Debug|x86.Build.0 = Debug|Any CPU
		{48E43B83-53AB-4CD2-A432-E81CBFF1D071}.Release|Any CPU.ActiveCfg = Release|Any CPU
		{48E43B83-53AB-4CD2-A432-E81CBFF1D071}.Release|Any CPU.Build.0 = Release|Any CPU
		{48E43B83-53AB-4CD2-A432-E81CBFF1D071}.Release|ARM.ActiveCfg = Release|Any CPU
		{48E43B83-53AB-4CD2-A432-E81CBFF1D071}.Release|ARM.Build.0 = Release|Any CPU
		{48E43B83-53AB-4CD2-A432-E81CBFF1D071}.Release|ARM64.ActiveCfg = Release|Any CPU
		{48E43B83-53AB-4CD2-A432-E81CBFF1D071}.Release|ARM64.Build.0 = Release|Any CPU
		{48E43B83-53AB-4CD2-A432-E81CBFF1D071}.Release|x64.ActiveCfg = Release|Any CPU
		{48E43B83-53AB-4CD2-A432-E81CBFF1D071}.Release|x64.Build.0 = Release|Any CPU
		{48E43B83-53AB-4CD2-A432-E81CBFF1D071}.Release|x86.ActiveCfg = Release|Any CPU
		{48E43B83-53AB-4CD2-A432-E81CBFF1D071}.Release|x86.Build.0 = Release|Any CPU
		{476D576E-1A71-4B88-B84F-90F6D465D82E}.Debug|Any CPU.ActiveCfg = Debug|Any CPU
		{476D576E-1A71-4B88-B84F-90F6D465D82E}.Debug|Any CPU.Build.0 = Debug|Any CPU
		{476D576E-1A71-4B88-B84F-90F6D465D82E}.Debug|ARM.ActiveCfg = Debug|Any CPU
		{476D576E-1A71-4B88-B84F-90F6D465D82E}.Debug|ARM.Build.0 = Debug|Any CPU
		{476D576E-1A71-4B88-B84F-90F6D465D82E}.Debug|ARM64.ActiveCfg = Debug|Any CPU
		{476D576E-1A71-4B88-B84F-90F6D465D82E}.Debug|ARM64.Build.0 = Debug|Any CPU
		{476D576E-1A71-4B88-B84F-90F6D465D82E}.Debug|x64.ActiveCfg = Debug|Any CPU
		{476D576E-1A71-4B88-B84F-90F6D465D82E}.Debug|x64.Build.0 = Debug|Any CPU
		{476D576E-1A71-4B88-B84F-90F6D465D82E}.Debug|x86.ActiveCfg = Debug|Any CPU
		{476D576E-1A71-4B88-B84F-90F6D465D82E}.Debug|x86.Build.0 = Debug|Any CPU
		{476D576E-1A71-4B88-B84F-90F6D465D82E}.Release|Any CPU.ActiveCfg = Release|Any CPU
		{476D576E-1A71-4B88-B84F-90F6D465D82E}.Release|Any CPU.Build.0 = Release|Any CPU
		{476D576E-1A71-4B88-B84F-90F6D465D82E}.Release|ARM.ActiveCfg = Release|Any CPU
		{476D576E-1A71-4B88-B84F-90F6D465D82E}.Release|ARM.Build.0 = Release|Any CPU
		{476D576E-1A71-4B88-B84F-90F6D465D82E}.Release|ARM64.ActiveCfg = Release|Any CPU
		{476D576E-1A71-4B88-B84F-90F6D465D82E}.Release|ARM64.Build.0 = Release|Any CPU
		{476D576E-1A71-4B88-B84F-90F6D465D82E}.Release|x64.ActiveCfg = Release|Any CPU
		{476D576E-1A71-4B88-B84F-90F6D465D82E}.Release|x64.Build.0 = Release|Any CPU
		{476D576E-1A71-4B88-B84F-90F6D465D82E}.Release|x86.ActiveCfg = Release|Any CPU
		{476D576E-1A71-4B88-B84F-90F6D465D82E}.Release|x86.Build.0 = Release|Any CPU
		{4234A3A7-5397-4CD6-8813-A44D0B767B5D}.Debug|Any CPU.ActiveCfg = Debug|Any CPU
		{4234A3A7-5397-4CD6-8813-A44D0B767B5D}.Debug|Any CPU.Build.0 = Debug|Any CPU
		{4234A3A7-5397-4CD6-8813-A44D0B767B5D}.Debug|ARM.ActiveCfg = Debug|Any CPU
		{4234A3A7-5397-4CD6-8813-A44D0B767B5D}.Debug|ARM.Build.0 = Debug|Any CPU
		{4234A3A7-5397-4CD6-8813-A44D0B767B5D}.Debug|ARM64.ActiveCfg = Debug|Any CPU
		{4234A3A7-5397-4CD6-8813-A44D0B767B5D}.Debug|ARM64.Build.0 = Debug|Any CPU
		{4234A3A7-5397-4CD6-8813-A44D0B767B5D}.Debug|x64.ActiveCfg = Debug|Any CPU
		{4234A3A7-5397-4CD6-8813-A44D0B767B5D}.Debug|x64.Build.0 = Debug|Any CPU
		{4234A3A7-5397-4CD6-8813-A44D0B767B5D}.Debug|x86.ActiveCfg = Debug|Any CPU
		{4234A3A7-5397-4CD6-8813-A44D0B767B5D}.Debug|x86.Build.0 = Debug|Any CPU
		{4234A3A7-5397-4CD6-8813-A44D0B767B5D}.Release|Any CPU.ActiveCfg = Release|Any CPU
		{4234A3A7-5397-4CD6-8813-A44D0B767B5D}.Release|Any CPU.Build.0 = Release|Any CPU
		{4234A3A7-5397-4CD6-8813-A44D0B767B5D}.Release|ARM.ActiveCfg = Release|Any CPU
		{4234A3A7-5397-4CD6-8813-A44D0B767B5D}.Release|ARM.Build.0 = Release|Any CPU
		{4234A3A7-5397-4CD6-8813-A44D0B767B5D}.Release|ARM64.ActiveCfg = Release|Any CPU
		{4234A3A7-5397-4CD6-8813-A44D0B767B5D}.Release|ARM64.Build.0 = Release|Any CPU
		{4234A3A7-5397-4CD6-8813-A44D0B767B5D}.Release|x64.ActiveCfg = Release|Any CPU
		{4234A3A7-5397-4CD6-8813-A44D0B767B5D}.Release|x64.Build.0 = Release|Any CPU
		{4234A3A7-5397-4CD6-8813-A44D0B767B5D}.Release|x86.ActiveCfg = Release|Any CPU
		{4234A3A7-5397-4CD6-8813-A44D0B767B5D}.Release|x86.Build.0 = Release|Any CPU
	EndGlobalSection
	GlobalSection(SolutionProperties) = preSolution
		HideSolutionNode = FALSE
	EndGlobalSection
	GlobalSection(NestedProjects) = preSolution
		{78009FE8-42FA-4E92-AB1B-2292C8C4AA91} = {3EDF9BD9-0CAC-48A1-B586-EBE8CF127A0A}
		{2566610C-2555-4B50-9A61-FCB5AE61519D} = {3EDF9BD9-0CAC-48A1-B586-EBE8CF127A0A}
		{20CF03E8-E064-46FE-8ECE-AA30369E7787} = {3EDF9BD9-0CAC-48A1-B586-EBE8CF127A0A}
		{C2CE9594-0939-43BE-BBAF-AF7D9BA6A83B} = {3EDF9BD9-0CAC-48A1-B586-EBE8CF127A0A}
		{F2DA70C1-48F6-43DD-9500-19EC0EB94B5F} = {3EDF9BD9-0CAC-48A1-B586-EBE8CF127A0A}
		{167418DC-0413-4DBA-B547-CF7E30433AD8} = {3EDF9BD9-0CAC-48A1-B586-EBE8CF127A0A}
		{89B72710-CDCD-4735-B0C1-7D8C451ADEC7} = {3EDF9BD9-0CAC-48A1-B586-EBE8CF127A0A}
		{48E43B83-53AB-4CD2-A432-E81CBFF1D071} = {3EDF9BD9-0CAC-48A1-B586-EBE8CF127A0A}
		{476D576E-1A71-4B88-B84F-90F6D465D82E} = {3EDF9BD9-0CAC-48A1-B586-EBE8CF127A0A}
		{4234A3A7-5397-4CD6-8813-A44D0B767B5D} = {3EDF9BD9-0CAC-48A1-B586-EBE8CF127A0A}
	EndGlobalSection
	GlobalSection(ExtensibilityGlobals) = postSolution
		SolutionGuid = {328B8E10-FED4-47C9-86C2-27E2B708C6E0}
	EndGlobalSection
EndGlobal
